schema: '2.0'
stages:
  data_ingestion:
    cmd: python src/datas/data_ingestion.py
    deps:
    - path: src/datas/data_ingestion.py
      hash: md5
      md5: bb4e1f8e41f7020ee33c2461ba3181d2
      size: 3043
    outs:
    - path: data/raw
      hash: md5
      md5: b3cc5d7da26aa91fc5ba39a2a32fb7ce.dir
      size: 6926205
      nfiles: 2
  data_preprocessing:
    cmd: python src/datas/data_preprocessing.py
    deps:
    - path: data/raw
      hash: md5
      md5: b3cc5d7da26aa91fc5ba39a2a32fb7ce.dir
      size: 6926205
      nfiles: 2
    - path: src/datas/data_preprocessing.py
      hash: md5
      md5: 134aab98d2ec222f0e387de85aa97415
      size: 4832
    outs:
    - path: data/processed
      hash: md5
      md5: 483a9e9b7e87d3cda293df7a62262e4f.dir
      size: 5123535
      nfiles: 2
  feature_engineering:
    cmd: python src/features/feature_engineering.py
    deps:
    - path: data/processed
      hash: md5
      md5: 483a9e9b7e87d3cda293df7a62262e4f.dir
      size: 5123535
      nfiles: 2
    - path: src/features/feature_engineering.py
      hash: md5
      md5: fd98baf1ff64935c2a566a0e1d05c372
      size: 4289
    outs:
    - path: data/interim
      hash: md5
      md5: 83a481838a8f8d7f0e0b4bc02da4850d.dir
      size: 6960530
      nfiles: 4
    - path: models/resampler.joblib
      hash: md5
      md5: d0d5287c8b148a033b8a6677d7848c97
      size: 1764174
    - path: models/vector.joblib
      hash: md5
      md5: a45717ffce2b1d96767d4f138d2dcc0d
      size: 383831
  model_building:
    cmd: python src/model/model_building.py
    deps:
    - path: data/interim
      hash: md5
      md5: 83a481838a8f8d7f0e0b4bc02da4850d.dir
      size: 6960530
      nfiles: 4
    - path: src/model/model_building.py
      hash: md5
      md5: 4ef5051e2af333ab315f26500a5d8eca
      size: 2503
    outs:
    - path: models/LGBMClassifier.joblib
      hash: md5
      md5: 85292ccb56222660b3e754eb9fb917d8
      size: 7457148
  model_evaluation:
    cmd: python src/model/model_evaluation.py
    deps:
    - path: data/interim
      hash: md5
      md5: 83a481838a8f8d7f0e0b4bc02da4850d.dir
      size: 6960530
      nfiles: 4
    - path: src/model/model_evaluation.py
      hash: md5
      md5: 4a9ab379203cd9833a176f672ec8acac
      size: 8167
  model_registry:
    cmd: python src/model/register_model.py
    deps:
    - path: reports/model_info.json
      hash: md5
      md5: 81ff4066ed3a5e3f507bff07a311ff5a
      size: 105
    - path: src/model/register_model.py
      hash: md5
      md5: cdcdcff7dca1cc6f7b071c0ec9bececf
      size: 2765
